
Microsoft Visual Studio Solution File, Format Version 12.00
# Visual Studio 2012
Project("{FAE04EC0-301F-11D3-BF4B-00C04F79EFBC}") = "MNDSearchUtil", "MNDSearchUtil\MNDSearchUtil.csproj", "{E08ABB72-511F-447F-81BC-AFC80B17B162}"
EndProject
Global
	GlobalSection(SolutionConfigurationPlatforms) = preSolution
		Debug|Any CPU = Debug|Any CPU
		Release|Any CPU = Release|Any CPU
	EndGlobalSection
	GlobalSection(ProjectConfigurationPlatforms) = postSolution
		{E08ABB72-511F-447F-81BC-AFC80B17B162}.Debug|Any CPU.ActiveCfg = Debug|Any CPU
		{E08ABB72-511F-447F-81BC-AFC80B17B162}.Debug|Any CPU.Build.0 = Debug|Any CPU
		{E08ABB72-511F-447F-81BC-AFC80B17B162}.Release|Any CPU.ActiveCfg = Release|Any CPU
		{E08ABB72-511F-447F-81BC-AFC80B17B162}.Release|Any CPU.Build.0 = Release|Any CPU
	EndGlobalSection
EndGlobal
